
Microsoft Visual Studio Solution File, Format Version 12.00
# Visual Studio 15
VisualStudioVersion = 15.0.27428.2027
MinimumVisualStudioVersion = 10.0.40219.1
Project("{9092AA53-FB77-4645-B42D-1CCCA6BD08BD}") = "Sample6", "Sample6\Sample6.njsproj", "{BAB8956C-87A6-46F4-996E-4C5E2EB58188}"
EndProject
Global
	GlobalSection(SolutionConfigurationPlatforms) = preSolution
		Debug|Any CPU = Debug|Any CPU
		Release|Any CPU = Release|Any CPU
	EndGlobalSection
	GlobalSection(ProjectConfigurationPlatforms) = postSolution
		{BAB8956C-87A6-46F4-996E-4C5E2EB58188}.Debug|Any CPU.ActiveCfg = Debug|Any CPU
		{BAB8956C-87A6-46F4-996E-4C5E2EB58188}.Debug|Any CPU.Build.0 = Debug|Any CPU
		{BAB8956C-87A6-46F4-996E-4C5E2EB58188}.Release|Any CPU.ActiveCfg = Release|Any CPU
		{BAB8956C-87A6-46F4-996E-4C5E2EB58188}.Release|Any CPU.Build.0 = Release|Any CPU
	EndGlobalSection
	GlobalSection(SolutionProperties) = preSolution
		HideSolutionNode = FALSE
	EndGlobalSection
	GlobalSection(ExtensibilityGlobals) = postSolution
		SolutionGuid = {3DC05DAF-9769-40C4-AA00-72AB091DE4E5}
	EndGlobalSection
EndGlobal
